
Microsoft Visual Studio Solution File, Format Version 12.00
# Visual Studio Version 16
VisualStudioVersion = 16.0.32228.343
MinimumVisualStudioVersion = 10.0.40219.1
Project("{FAE04EC0-301F-11D3-BF4B-00C04F79EFBC}") = "AppExEscola01", "AppExEscola01\AppExEscola01.csproj", "{8E323D1B-6CC1-4A10-B74E-345AA438A6F8}"
EndProject
Project("{FAE04EC0-301F-11D3-BF4B-00C04F79EFBC}") = "AppExEscola01.Application", "AppExEscola01.Application\AppExEscola01.Application.csproj", "{B71BFEE6-FB5A-4574-8724-BE3717DDDD14}"
EndProject
Project("{FAE04EC0-301F-11D3-BF4B-00C04F79EFBC}") = "AppExEscola01.Domain", "AppExEscola01.Domain\AppExEscola01.Domain.csproj", "{21AA0C6C-5FF6-4F49-B760-17061C15AD27}"
EndProject
Project("{FAE04EC0-301F-11D3-BF4B-00C04F79EFBC}") = "AppExEscola01.Infra", "AppExEscola01.Infra\AppExEscola01.Infra.csproj", "{CEC183A1-B501-42C9-841D-4113FD3EFC87}"
EndProject
Project("{FAE04EC0-301F-11D3-BF4B-00C04F79EFBC}") = "AppExEscola01.Teste", "AppExEscola01.Teste\AppExEscola01.Teste.csproj", "{670C7F31-AB20-495B-8467-90752213B07A}"
EndProject
Global
	GlobalSection(SolutionConfigurationPlatforms) = preSolution
		Debug|Any CPU = Debug|Any CPU
		Release|Any CPU = Release|Any CPU
	EndGlobalSection
	GlobalSection(ProjectConfigurationPlatforms) = postSolution
		{8E323D1B-6CC1-4A10-B74E-345AA438A6F8}.Debug|Any CPU.ActiveCfg = Debug|Any CPU
		{8E323D1B-6CC1-4A10-B74E-345AA438A6F8}.Debug|Any CPU.Build.0 = Debug|Any CPU
		{8E323D1B-6CC1-4A10-B74E-345AA438A6F8}.Release|Any CPU.ActiveCfg = Release|Any CPU
		{8E323D1B-6CC1-4A10-B74E-345AA438A6F8}.Release|Any CPU.Build.0 = Release|Any CPU
		{B71BFEE6-FB5A-4574-8724-BE3717DDDD14}.Debug|Any CPU.ActiveCfg = Debug|Any CPU
		{B71BFEE6-FB5A-4574-8724-BE3717DDDD14}.Debug|Any CPU.Build.0 = Debug|Any CPU
		{B71BFEE6-FB5A-4574-8724-BE3717DDDD14}.Release|Any CPU.ActiveCfg = Release|Any CPU
		{B71BFEE6-FB5A-4574-8724-BE3717DDDD14}.Release|Any CPU.Build.0 = Release|Any CPU
		{21AA0C6C-5FF6-4F49-B760-17061C15AD27}.Debug|Any CPU.ActiveCfg = Debug|Any CPU
		{21AA0C6C-5FF6-4F49-B760-17061C15AD27}.Debug|Any CPU.Build.0 = Debug|Any CPU
		{21AA0C6C-5FF6-4F49-B760-17061C15AD27}.Release|Any CPU.ActiveCfg = Release|Any CPU
		{21AA0C6C-5FF6-4F49-B760-17061C15AD27}.Release|Any CPU.Build.0 = Release|Any CPU
		{CEC183A1-B501-42C9-841D-4113FD3EFC87}.Debug|Any CPU.ActiveCfg = Debug|Any CPU
		{CEC183A1-B501-42C9-841D-4113FD3EFC87}.Debug|Any CPU.Build.0 = Debug|Any CPU
		{CEC183A1-B501-42C9-841D-4113FD3EFC87}.Release|Any CPU.ActiveCfg = Release|Any CPU
		{CEC183A1-B501-42C9-841D-4113FD3EFC87}.Release|Any CPU.Build.0 = Release|Any CPU
		{670C7F31-AB20-495B-8467-90752213B07A}.Debug|Any CPU.ActiveCfg = Debug|Any CPU
		{670C7F31-AB20-495B-8467-90752213B07A}.Debug|Any CPU.Build.0 = Debug|Any CPU
		{670C7F31-AB20-495B-8467-90752213B07A}.Release|Any CPU.ActiveCfg = Release|Any CPU
		{670C7F31-AB20-495B-8467-90752213B07A}.Release|Any CPU.Build.0 = Release|Any CPU
	EndGlobalSection
	GlobalSection(SolutionProperties) = preSolution
		HideSolutionNode = FALSE
	EndGlobalSection
	GlobalSection(ExtensibilityGlobals) = postSolution
		SolutionGuid = {236578CE-46ED-4BAD-91EB-23156B27BDB2}
	EndGlobalSection
EndGlobal
